
Microsoft Visual Studio Solution File, Format Version 12.00
# Visual Studio Version 17
VisualStudioVersion = 17.0.31903.59
MinimumVisualStudioVersion = 10.0.40219.1
Project("{D954291E-2A0B-460D-934E-DC6B0785DB48}") = "Compatibility.CallerArgumentExpression", "Compatibility.CallerArgumentExpression\Compatibility.CallerArgumentExpression.shproj", "{FCE8EA9D-4F01-4427-A11E-E5FA4C86B3D2}"
EndProject
Project("{D954291E-2A0B-460D-934E-DC6B0785DB48}") = "Compatibility.IsExternalInit", "Compatibility.IsExternalInit\Compatibility.IsExternalInit.shproj", "{0E63554C-3545-426E-AB58-C9346F7687F1}"
EndProject
Project("{D954291E-2A0B-460D-934E-DC6B0785DB48}") = "Compatibility.ModuleInitializer", "Compatibility.ModuleInitializer\Compatibility.ModuleInitializer.shproj", "{2D97FC6E-46DB-4E55-9E22-E926D44255E0}"
EndProject
Project("{D954291E-2A0B-460D-934E-DC6B0785DB48}") = "Compatibility.Nullable", "Compatibility.Nullable\Compatibility.Nullable.shproj", "{C591A0B1-BDB0-4D0F-B05E-BA5B3BA738E5}"
EndProject
Project("{D954291E-2A0B-460D-934E-DC6B0785DB48}") = "Compatibility.Platform", "Compatibility.Platform\Compatibility.Platform.shproj", "{1F3C88A2-5249-47AA-8E6B-B95F99D1A90B}"
EndProject
Project("{D954291E-2A0B-460D-934E-DC6B0785DB48}") = "Compatibility.Range", "Compatibility.Range\Compatibility.Range.shproj", "{3E3D257C-0E71-444C-87DE-8E4A9B682AC9}"
EndProject
Project("{D954291E-2A0B-460D-934E-DC6B0785DB48}") = "Compatibility.SkipLocalsInit", "Compatibility.SkipLocalsInit\Compatibility.SkipLocalsInit.shproj", "{8E2FB49A-E290-4B67-B53A-0801E11442F6}"
EndProject
Project("{D954291E-2A0B-460D-934E-DC6B0785DB48}") = "Compatibility.StackTraceHidden", "Compatibility.StackTraceHidden\Compatibility.StackTraceHidden.shproj", "{902042CA-EC15-44EB-9749-1666E30215A4}"
EndProject
Project("{D954291E-2A0B-460D-934E-DC6B0785DB48}") = "Compatibility.StringSyntax", "Compatibility.StringSyntax\Compatibility.StringSyntax.shproj", "{2FDD25BA-5855-4F93-B568-9921C45E6681}"
EndProject
Project("{9A19103F-16F7-4668-BE54-9A1E7A4F7556}") = "Example.Usage", "Example.Usage\Example.Usage.csproj", "{C8DCF344-E125-4E11-B208-8E9561050AC4}"
EndProject
Project("{2150E333-8FDC-42A3-9474-1A3956D46DE8}") = "Solution Items", "Solution Items", "{382F6612-B0F8-4012-8829-C08AFBBCE3D1}"
	ProjectSection(SolutionItems) = preProject
		.editorconfig = .editorconfig
		.gitignore = .gitignore
		Directory.Build.props = Directory.Build.props
		Directory.Build.targets = Directory.Build.targets
		Directory.Packages.props = Directory.Packages.props
		Directory.Solution.props = Directory.Solution.props
	EndProjectSection
EndProject
Global
	GlobalSection(SolutionConfigurationPlatforms) = preSolution
		Debug|Any CPU = Debug|Any CPU
		Release|Any CPU = Release|Any CPU
	EndGlobalSection
	GlobalSection(ProjectConfigurationPlatforms) = postSolution
		{C8DCF344-E125-4E11-B208-8E9561050AC4}.Debug|Any CPU.ActiveCfg = Debug|Any CPU
		{C8DCF344-E125-4E11-B208-8E9561050AC4}.Debug|Any CPU.Build.0 = Debug|Any CPU
		{C8DCF344-E125-4E11-B208-8E9561050AC4}.Release|Any CPU.ActiveCfg = Release|Any CPU
		{C8DCF344-E125-4E11-B208-8E9561050AC4}.Release|Any CPU.Build.0 = Release|Any CPU
	EndGlobalSection
	GlobalSection(SolutionProperties) = preSolution
		HideSolutionNode = FALSE
	EndGlobalSection
	GlobalSection(ExtensibilityGlobals) = postSolution
		SolutionGuid = {CE7C3FCF-0322-4064-A784-E03ABDDE0818}
	EndGlobalSection
	GlobalSection(SharedMSBuildProjectFiles) = preSolution
		Compatibility.IsExternalInit\Compatibility.IsExternalInit.projitems*{0e63554c-3545-426e-ab58-c9346f7687f1}*SharedItemsImports = 13
		Compatibility.Platform\Compatibility.Platform.projitems*{1f3c88a2-5249-47aa-8e6b-b95f99d1a90b}*SharedItemsImports = 13
		Compatibility.ModuleInitializer\Compatibility.ModuleInitializer.projitems*{2d97fc6e-46db-4e55-9e22-e926d44255e0}*SharedItemsImports = 13
		Compatibility.StringSyntax\Compatibility.StringSyntax.projitems*{2fdd25ba-5855-4f93-b568-9921c45e6681}*SharedItemsImports = 13
		Compatibility.Range\Compatibility.Range.projitems*{3e3d257c-0e71-444c-87de-8e4a9b682ac9}*SharedItemsImports = 13
		Compatibility.SkipLocalsInit\Compatibility.SkipLocalsInit.projitems*{8e2fb49a-e290-4b67-b53a-0801e11442f6}*SharedItemsImports = 13
		Compatibility.StackTraceHidden\Compatibility.StackTraceHidden.projitems*{902042ca-ec15-44eb-9749-1666e30215a4}*SharedItemsImports = 13
		Compatibility.Nullable\Compatibility.Nullable.projitems*{c591a0b1-bdb0-4d0f-b05e-ba5b3ba738e5}*SharedItemsImports = 13
		Compatibility.CallerArgumentExpression\Compatibility.CallerArgumentExpression.projitems*{fce8ea9d-4f01-4427-a11e-e5fa4c86b3d2}*SharedItemsImports = 13
	EndGlobalSection
EndGlobal
